Microsoft Visual Studio Solution File, Format Version 12.00
# Visual Studio Version 18
VisualStudioVersion = 18.3.11512.155 d18.3
MinimumVisualStudioVersion = 10.0.40219.1
Project("{FAE04EC0-301F-11D3-BF4B-00C04F79EFBC}") = "Domoto", "Domoto\Domoto.csproj", "{7327BE55-2EA3-4BA9-8405-7FDE614C34E5}"
EndProject
Project("{FAE04EC0-301F-11D3-BF4B-00C04F79EFBC}") = "Domoto.Tests", "Domoto.Tests\Domoto.Tests.csproj", "{A1B2C3D4-E5F6-7890-ABCD-EF1234567890}"
EndProject
Global
	GlobalSection(SolutionConfigurationPlatforms) = preSolution
		Debug|Any CPU = Debug|Any CPU
		Release|Any CPU = Release|Any CPU
	EndGlobalSection
	GlobalSection(ProjectConfigurationPlatforms) = postSolution
		{7327BE55-2EA3-4BA9-8405-7FDE614C34E5}.Debug|Any CPU.ActiveCfg = Debug|Any CPU
		{7327BE55-2EA3-4BA9-8405-7FDE614C34E5}.Debug|Any CPU.Build.0 = Debug|Any CPU
		{7327BE55-2EA3-4BA9-8405-7FDE614C34E5}.Release|Any CPU.ActiveCfg = Release|Any CPU
		{7327BE55-2EA3-4BA9-8405-7FDE614C34E5}.Release|Any CPU.Build.0 = Release|Any CPU
		{A1B2C3D4-E5F6-7890-ABCD-EF1234567890}.Debug|Any CPU.ActiveCfg = Debug|Any CPU
		{A1B2C3D4-E5F6-7890-ABCD-EF1234567890}.Debug|Any CPU.Build.0 = Debug|Any CPU
		{A1B2C3D4-E5F6-7890-ABCD-EF1234567890}.Release|Any CPU.ActiveCfg = Release|Any CPU
		{A1B2C3D4-E5F6-7890-ABCD-EF1234567890}.Release|Any CPU.Build.0 = Release|Any CPU
	EndGlobalSection
	GlobalSection(SolutionProperties) = preSolution
		HideSolutionNode = FALSE
	EndGlobalSection
	GlobalSection(ExtensibilityGlobals) = postSolution
		SolutionGuid = {9D51EEDF-F754-48B3-988B-AE8B2A1AE13F}
	EndGlobalSection
EndGlobal
